<?xml version="1.0" encoding="utf-8"?>
<Project ToolsVersion="4.0" xmlns="http://schemas.microsoft.com/developer/msbuild/2003">
  <ItemGroup>
    <Filter Include="Source Files">
      <UniqueIdentifier>{4FC737F1-C7A5-4376-A066-2A32D752A2FF}</UniqueIdentifier>
      <Extensions>cpp;c;cc;cxx;def;odl;idl;hpj;bat;asm;asmx</Extensions>
    </Filter>
    <Filter Include="Header Files">
      <UniqueIdentifier>{93995380-89BD-4b04-88EB-625FBE52EBFB}</UniqueIdentifier>
      <Extensions>h;hh;hpp;hxx;hm;inl;inc;xsd</Extensions>
    </Filter>
    <Filter Include="Resource Files">
      <UniqueIdentifier>{67DA6AB6-F800-4c08-8B7A-83BB121AAD01}</UniqueIdentifier>
      <Extensions>rc;ico;cur;bmp;dlg;rc2;rct;bin;rgs;gif;jpg;jpeg;jpe;resx;tiff;tif;png;wav;mfcribbon-ms</Extensions>
    </Filter>
    <Filter Include="Source Files\ACM_Utilities">
      <UniqueIdentifier>{93f6832b-dd97-4347-bf7a-6a738992dfc8}</UniqueIdentifier>
    </Filter>
    <Filter Include="Source Files\AllTests">
      <UniqueIdentifier>{d70f55c2-242c-4895-94e3-7189fb86a17d}</UniqueIdentifier>
    </Filter>
  </ItemGroup>
  <ItemGroup>
    <ClCompile Include="Main.cpp">
      <Filter>Source Files</Filter>
    </ClCompile>
    <ClCompile Include="Trie.cpp">
      <Filter>Source Files\ACM_Utilities</Filter>
    </ClCompile>
    <ClCompile Include="SegmentTree.cpp">
      <Filter>Source Files\ACM_Utilities</Filter>
    </ClCompile>
    <ClCompile Include="Trie_test.cpp">
      <Filter>Source Files\AllTests</Filter>
    </ClCompile>
    <ClCompile Include="SegmentTree_test.cpp">
      <Filter>Source Files\AllTests</Filter>
    </ClCompile>
    <ClCompile Include="MathUtilities.cpp">
      <Filter>Source Files\ACM_Utilities</Filter>
    </ClCompile>
    <ClCompile Include="MathUtilities_test.cpp">
      <Filter>Source Files\AllTests</Filter>
    </ClCompile>
    <ClCompile Include="TrieMock.cpp">
      <Filter>Source Files\AllTests</Filter>
    </ClCompile>
  </ItemGroup>
  <ItemGroup>
    <ClInclude Include="Trie.h">
      <Filter>Header Files</Filter>
    </ClInclude>
    <ClInclude Include="SegmentTree.h">
      <Filter>Header Files</Filter>
    </ClInclude>
    <ClInclude Include="MathUtilities.h">
      <Filter>Header Files</Filter>
    </ClInclude>
  </ItemGroup>
</Project>